// !$*UTF8*$!
{
	archiveVersion = 1;
	classes = {
	};
	objectVersion = 50;
	objects = {

/* Begin PBXBuildFile section */
		2022506A229B086E001A1806 /* AppDelegate.swift in Sources */ = {isa = PBXBuildFile; fileRef = 20225069229B086E001A1806 /* AppDelegate.swift */; };
		2022506C229B086E001A1806 /* GameScene.sks in Resources */ = {isa = PBXBuildFile; fileRef = 2022506B229B086E001A1806 /* GameScene.sks */; };
		20225070229B086E001A1806 /* GameScene.swift in Sources */ = {isa = PBXBuildFile; fileRef = 2022506F229B086E001A1806 /* GameScene.swift */; };
		20225072229B086E001A1806 /* GameViewController.swift in Sources */ = {isa = PBXBuildFile; fileRef = 20225071229B086E001A1806 /* GameViewController.swift */; };
		20225075229B086E001A1806 /* Main.storyboard in Resources */ = {isa = PBXBuildFile; fileRef = 20225073229B086E001A1806 /* Main.storyboard */; };
		20225077229B086E001A1806 /* Assets.xcassets in Resources */ = {isa = PBXBuildFile; fileRef = 20225076229B086E001A1806 /* Assets.xcassets */; };
		2022507A229B086E001A1806 /* LaunchScreen.storyboard in Resources */ = {isa = PBXBuildFile; fileRef = 20225078229B086E001A1806 /* LaunchScreen.storyboard */; };
		20225083229B0BAE001A1806 /* fuse.sks in Resources */ = {isa = PBXBuildFile; fileRef = 20225081229B0BAE001A1806 /* fuse.sks */; };
		20225084229B0BAE001A1806 /* explode.sks in Resources */ = {isa = PBXBuildFile; fileRef = 20225082229B0BAE001A1806 /* explode.sks */; };
/* End PBXBuildFile section */

/* Begin PBXFileReference section */
		20225066229B086E001A1806 /* fireworks.app */ = {isa = PBXFileReference; explicitFileType = wrapper.application; includeInIndex = 0; path = fireworks.app; sourceTree = BUILT_PRODUCTS_DIR; };
		20225069229B086E001A1806 /* AppDelegate.swift */ = {isa = PBXFileReference; lastKnownFileType = sourcecode.swift; path = AppDelegate.swift; sourceTree = "<group>"; };
		2022506B229B086E001A1806 /* GameScene.sks */ = {isa = PBXFileReference; lastKnownFileType = file.sks; path = GameScene.sks; sourceTree = "<group>"; };
		2022506F229B086E001A1806 /* GameScene.swift */ = {isa = PBXFileReference; lastKnownFileType = sourcecode.swift; path = GameScene.swift; sourceTree = "<group>"; };
		20225071229B086E001A1806 /* GameViewController.swift */ = {isa = PBXFileReference; lastKnownFileType = sourcecode.swift; path = GameViewController.swift; sourceTree = "<group>"; };
		20225074229B086E001A1806 /* Base */ = {isa = PBXFileReference; lastKnownFileType = file.storyboard; name = Base; path = Base.lproj/Main.storyboard; sourceTree = "<group>"; };
		20225076229B086E001A1806 /* Assets.xcassets */ = {isa = PBXFileReference; lastKnownFileType = folder.assetcatalog; path = Assets.xcassets; sourceTree = "<group>"; };
		20225079229B086E001A1806 /* Base */ = {isa = PBXFileReference; lastKnownFileType = file.storyboard; name = Base; path = Base.lproj/LaunchScreen.storyboard; sourceTree = "<group>"; };
		2022507B229B086E001A1806 /* Info.plist */ = {isa = PBXFileReference; lastKnownFileType = text.plist.xml; path = Info.plist; sourceTree = "<group>"; };
		20225081229B0BAE001A1806 /* fuse.sks */ = {isa = PBXFileReference; lastKnownFileType = file.sks; path = fuse.sks; sourceTree = "<group>"; };
		20225082229B0BAE001A1806 /* explode.sks */ = {isa = PBXFileReference; lastKnownFileType = file.sks; path = explode.sks; sourceTree = "<group>"; };
/* End PBXFileReference section */

/* Begin PBXFrameworksBuildPhase section */
		20225063229B086E001A1806 /* Frameworks */ = {
			isa = PBXFrameworksBuildPhase;
			buildActionMask = 2147483647;
			files = (
			);
			runOnlyForDeploymentPostprocessing = 0;
		};
/* End PBXFrameworksBuildPhase section */

/* Begin PBXGroup section */
		2022505D229B086E001A1806 = {
			isa = PBXGroup;
			children = (
				20225068229B086E001A1806 /* fireworks */,
				20225067229B086E001A1806 /* Products */,
			);
			sourceTree = "<group>";
		};
		20225067229B086E001A1806 /* Products */ = {
			isa = PBXGroup;
			children = (
				20225066229B086E001A1806 /* fireworks.app */,
			);
			name = Products;
			sourceTree = "<group>";
		};
		20225068229B086E001A1806 /* fireworks */ = {
			isa = PBXGroup;
			children = (
				20225069229B086E001A1806 /* AppDelegate.swift */,
				2022506B229B086E001A1806 /* GameScene.sks */,
				2022506F229B086E001A1806 /* GameScene.swift */,
				20225071229B086E001A1806 /* GameViewController.swift */,
				20225073229B086E001A1806 /* Main.storyboard */,
				20225076229B086E001A1806 /* Assets.xcassets */,
				20225078229B086E001A1806 /* LaunchScreen.storyboard */,
				2022507B229B086E001A1806 /* Info.plist */,
				20225082229B0BAE001A1806 /* explode.sks */,
				20225081229B0BAE001A1806 /* fuse.sks */,
			);
			path = fireworks;
			sourceTree = "<group>";
		};
/* End PBXGroup section */

/* Begin PBXNativeTarget section */
		20225065229B086E001A1806 /* fireworks */ = {
			isa = PBXNativeTarget;
			buildConfigurationList = 2022507E229B086E001A1806 /* Build configuration list for PBXNativeTarget "fireworks" */;
			buildPhases = (
				20225062229B086E001A1806 /* Sources */,
				20225063229B086E001A1806 /* Frameworks */,
				20225064229B086E001A1806 /* Resources */,
			);
			buildRules = (
			);
			dependencies = (
			);
			name = fireworks;
			productName = fireworks;
			productReference = 20225066229B086E001A1806 /* fireworks.app */;
			productType = "com.apple.product-type.application";
		};
/* End PBXNativeTarget section */

/* Begin PBXProject section */
		2022505E229B086E001A1806 /* Project object */ = {
			isa = PBXProject;
			attributes = {
				LastSwiftUpdateCheck = 1020;
				LastUpgradeCheck = 1020;
				ORGANIZATIONNAME = BJ;
				TargetAttributes = {
					20225065229B086E001A1806 = {
						CreatedOnToolsVersion = 10.2.1;
					};
				};
			};
			buildConfigurationList = 20225061229B086E001A1806 /* Build configuration list for PBXProject "fireworks" */;
			compatibilityVersion = "Xcode 9.3";
			developmentRegion = en;
			hasScannedForEncodings = 0;
			knownRegions = (
				en,
				Base,
			);
			mainGroup = 2022505D229B086E001A1806;
			productRefGroup = 20225067229B086E001A1806 /* Products */;
			projectDirPath = "";
			projectRoot = "";
			targets = (
				20225065229B086E001A1806 /* fireworks */,
			);
		};
/* End PBXProject section */

/* Begin PBXResourcesBuildPhase section */
		20225064229B086E001A1806 /* Resources */ = {
			isa = PBXResourcesBuildPhase;
			buildActionMask = 2147483647;
			files = (
				20225075229B086E001A1806 /* Main.storyboard in Resources */,
				2022506C229B086E001A1806 /* GameScene.sks in Resources */,
				20225083229B0BAE001A1806 /* fuse.sks in Resources */,
				20225077229B086E001A1806 /* Assets.xcassets in Resources */,
				2022507A229B086E001A1806 /* LaunchScreen.storyboard in Resources */,
				20225084229B0BAE001A1806 /* explode.sks in Resources */,
			);
			runOnlyForDeploymentPostprocessing = 0;
		};
/* End PBXResourcesBuildPhase section */

/* Begin PBXSourcesBuildPhase section */
		20225062229B086E001A1806 /* Sources */ = {
			isa = PBXSourcesBuildPhase;
			buildActionMask = 2147483647;
			files = (
				20225070229B086E001A1806 /* GameScene.swift in Sources */,
				20225072229B086E001A1806 /* GameViewController.swift in Sources */,
				2022506A229B086E001A1806 /* AppDelegate.swift in Sources */,
			);
			runOnlyForDeploymentPostprocessing = 0;
		};
/* End PBXSourcesBuildPhase section */

/* Begin PBXVariantGroup section */
		20225073229B086E001A1806 /* Main.storyboard */ = {
			isa = PBXVariantGroup;
			children = (
				20225074229B086E001A1806 /* Base */,
			);
			name = Main.storyboard;
			sourceTree = "<group>";
		};
		20225078229B086E001A1806 /* LaunchScreen.storyboard */ = {
			isa = PBXVariantGroup;
			children = (
				20225079229B086E001A1806 /* Base */,
			);
			name = LaunchScreen.storyboard;
			sourceTree = "<group>";
		};
/* End PBXVariantGroup section */

/* Begin XCBuildConfiguration section */
		2022507C229B086E001A1806 /* Debug */ = {
			isa = XCBuildConfiguration;
			buildSettings = {
				ALWAYS_SEARCH_USER_PATHS = NO;
				CLANG_ANALYZER_NONNULL = YES;
				CLANG_ANALYZER_NUMBER_OBJECT_CONVERSION = YES_AGGRESSIVE;
				CLANG_CXX_LANGUAGE_STANDARD = "gnu++14";
				CLANG_CXX_LIBRARY = "libc++";
				CLANG_ENABLE_MODULES = YES;
				CLANG_ENABLE_OBJC_ARC = YES;
				CLANG_ENABLE_OBJC_WEAK = YES;
				CLANG_WARN_BLOCK_CAPTURE_AUTORELEASING = YES;
				CLANG_WARN_BOOL_CONVERSION = YES;
				CLANG_WARN_COMMA = YES;
				CLANG_WARN_CONSTANT_CONVERSION = YES;
				CLANG_WARN_DEPRECATED_OBJC_IMPLEMENTATIONS = YES;
				CLANG_WARN_DIRECT_OBJC_ISA_USAGE = YES_ERROR;
				CLANG_WARN_DOCUMENTATION_COMMENTS = YES;
				CLANG_WARN_EMPTY_BODY = YES;
				CLANG_WARN_ENUM_CONVERSION = YES;
				CLANG_WARN_INFINITE_RECURSION = YES;
				CLANG_WARN_INT_CONVERSION = YES;
				CLANG_WARN_NON_LITERAL_NULL_CONVERSION = YES;
				CLANG_WARN_OBJC_IMPLICIT_RETAIN_SELF = YES;
				CLANG_WARN_OBJC_LITERAL_CONVERSION = YES;
				CLANG_WARN_OBJC_ROOT_CLASS = YES_ERROR;
				CLANG_WARN_RANGE_LOOP_ANALYSIS = YES;
				CLANG_WARN_STRICT_PROTOTYPES = YES;
				CLANG_WARN_SUSPICIOUS_MOVE = YES;
				CLANG_WARN_UNGUARDED_AVAILABILITY = YES_AGGRESSIVE;
				CLANG_WARN_UNREACHABLE_CODE = YES;
				CLANG_WARN__DUPLICATE_METHOD_MATCH = YES;
				CODE_SIGN_IDENTITY = "iPhone Developer";
				COPY_PHASE_STRIP = NO;
				DEBUG_INFORMATION_FORMAT = dwarf;
				ENABLE_STRICT_OBJC_MSGSEND = YES;
				ENABLE_TESTABILITY = YES;
				GCC_C_LANGUAGE_STANDARD = gnu11;
				GCC_DYNAMIC_NO_PIC = NO;
				GCC_NO_COMMON_BLOCKS = YES;
				GCC_OPTIMIZATION_LEVEL = 0;
				GCC_PREPROCESSOR_DEFINITIONS = (
					"DEBUG=1",
					"$(inherited)",
				);
				GCC_WARN_64_TO_32_BIT_CONVERSION = YES;
				GCC_WARN_ABOUT_RETURN_TYPE = YES_ERROR;
				GCC_WARN_UNDECLARED_SELECTOR = YES;
				GCC_WARN_UNINITIALIZED_AUTOS = YES_AGGRESSIVE;
				GCC_WARN_UNUSED_FUNCTION = YES;
				GCC_WARN_UNUSED_VARIABLE = YES;
				IPHONEOS_DEPLOYMENT_TARGET = 12.2;
				MTL_ENABLE_DEBUG_INFO = INCLUDE_SOURCE;
				MTL_FAST_MATH = YES;
				ONLY_ACTIVE_ARCH = YES;
				SDKROOT = iphoneos;
				SWIFT_ACTIVE_COMPILATION_CONDITIONS = DEBUG;
				SWIFT_OPTIMIZATION_LEVEL = "-Onone";
			};
			name = Debug;
		};
		2022507D229B086E001A1806 /* Release */ = {
			isa = XCBuildConfiguration;
			buildSettings = {
				ALWAYS_SEARCH_USER_PATHS = NO;
				CLANG_ANALYZER_NONNULL = YES;
				CLANG_ANALYZER_NUMBER_OBJECT_CONVERSION = YES_AGGRESSIVE;
				CLANG_CXX_LANGUAGE_STANDARD = "gnu++14";
				CLANG_CXX_LIBRARY = "libc++";
				CLANG_ENABLE_MODULES = YES;
				CLANG_ENABLE_OBJC_ARC = YES;
				CLANG_ENABLE_OBJC_WEAK = YES;
				CLANG_WARN_BLOCK_CAPTURE_AUTORELEASING = YES;
				CLANG_WARN_BOOL_CONVERSION = YES;
				CLANG_WARN_COMMA = YES;
				CLANG_WARN_CONSTANT_CONVERSION = YES;
				CLANG_WARN_DEPRECATED_OBJC_IMPLEMENTATIONS = YES;
				CLANG_WARN_DIRECT_OBJC_ISA_USAGE = YES_ERROR;
				CLANG_WARN_DOCUMENTATION_COMMENTS = YES;
				CLANG_WARN_EMPTY_BODY = YES;
				CLANG_WARN_ENUM_CONVERSION = YES;
				CLANG_WARN_INFINITE_RECURSION = YES;
				CLANG_WARN_INT_CONVERSION = YES;
				CLANG_WARN_NON_LITERAL_NULL_CONVERSION = YES;
				CLANG_WARN_OBJC_IMPLICIT_RETAIN_SELF = YES;
				CLANG_WARN_OBJC_LITERAL_CONVERSION = YES;
				CLANG_WARN_OBJC_ROOT_CLASS = YES_ERROR;
				CLANG_WARN_RANGE_LOOP_ANALYSIS = YES;
				CLANG_WARN_STRICT_PROTOTYPES = YES;
				CLANG_WARN_SUSPICIOUS_MOVE = YES;
				CLANG_WARN_UNGUARDED_AVAILABILITY = YES_AGGRESSIVE;
				CLANG_WARN_UNREACHABLE_CODE = YES;
				CLANG_WARN__DUPLICATE_METHOD_MATCH = YES;
				CODE_SIGN_IDENTITY = "iPhone Developer";
				COPY_PHASE_STRIP = NO;
				DEBUG_INFORMATION_FORMAT = "dwarf-with-dsym";
				ENABLE_NS_ASSERTIONS = NO;
				ENABLE_STRICT_OBJC_MSGSEND = YES;
				GCC_C_LANGUAGE_STANDARD = gnu11;
				GCC_NO_COMMON_BLOCKS = YES;
				GCC_WARN_64_TO_32_BIT_CONVERSION = YES;
				GCC_WARN_ABOUT_RETURN_TYPE = YES_ERROR;
				GCC_WARN_UNDECLARED_SELECTOR = YES;
				GCC_WARN_UNINITIALIZED_AUTOS = YES_AGGRESSIVE;
				GCC_WARN_UNUSED_FUNCTION = YES;
				GCC_WARN_UNUSED_VARIABLE = YES;
				IPHONEOS_DEPLOYMENT_TARGET = 12.2;
				MTL_ENABLE_DEBUG_INFO = NO;
				MTL_FAST_MATH = YES;
				SDKROOT = iphoneos;
				SWIFT_COMPILATION_MODE = wholemodule;
				SWIFT_OPTIMIZATION_LEVEL = "-O";
				VALIDATE_PRODUCT = YES;
			};
			name = Release;
		};
		2022507F229B086E001A1806 /* Debug */ = {
			isa = XCBuildConfiguration;
			buildSettings = {
				ASSETCATALOG_COMPILER_APPICON_NAME = AppIcon;
				CODE_SIGN_STYLE = Automatic;
				DEVELOPMENT_TEAM = D6RXP55TYQ;
				INFOPLIST_FILE = fireworks/Info.plist;
				LD_RUNPATH_SEARCH_PATHS = (
					"$(inherited)",
					"@executable_path/Frameworks",
				);
				PRODUCT_BUNDLE_IDENTIFIER = zo0d.fireworks;
				PRODUCT_NAME = "$(TARGET_NAME)";
				SWIFT_VERSION = 5.0;
				TARGETED_DEVICE_FAMILY = 2;
			};
			name = Debug;
		};
		20225080229B086E001A1806 /* Release */ = {
			isa = XCBuildConfiguration;
			buildSettings = {
				ASSETCATALOG_COMPILER_APPICON_NAME = AppIcon;
				CODE_SIGN_STYLE = Automatic;
				DEVELOPMENT_TEAM = D6RXP55TYQ;
				INFOPLIST_FILE = fireworks/Info.plist;
				LD_RUNPATH_SEARCH_PATHS = (
					"$(inherited)",
					"@executable_path/Frameworks",
				);
				PRODUCT_BUNDLE_IDENTIFIER = zo0d.fireworks;
				PRODUCT_NAME = "$(TARGET_NAME)";
				SWIFT_VERSION = 5.0;
				TARGETED_DEVICE_FAMILY = 2;
			};
			name = Release;
		};
/* End XCBuildConfiguration section */

/* Begin XCConfigurationList section */
		20225061229B086E001A1806 /* Build configuration list for PBXProject "fireworks" */ = {
			isa = XCConfigurationList;
			buildConfigurations = (
				2022507C229B086E001A1806 /* Debug */,
				2022507D229B086E001A1806 /* Release */,
			);
			defaultConfigurationIsVisible = 0;
			defaultConfigurationName = Release;
		};
		2022507E229B086E001A1806 /* Build configuration list for PBXNativeTarget "fireworks" */ = {
			isa = XCConfigurationList;
			buildConfigurations = (
				2022507F229B086E001A1806 /* Debug */,
				20225080229B086E001A1806 /* Release */,
			);
			defaultConfigurationIsVisible = 0;
			defaultConfigurationName = Release;
		};
/* End XCConfigurationList section */
	};
	rootObject = 2022505E229B086E001A1806 /* Project object */;
}
